
Microsoft Visual Studio Solution File, Format Version 12.00
# Visual Studio Version 17
VisualStudioVersion = 17.1.32319.34
MinimumVisualStudioVersion = 10.0.40219.1
Project("{FAE04EC0-301F-11D3-BF4B-00C04F79EFBC}") = "IdiotGame.Server", "IdiotGame\Server\IdiotGame.Server.csproj", "{3CCE7AD3-A5E3-4364-B779-E674D7386462}"
EndProject
Project("{FAE04EC0-301F-11D3-BF4B-00C04F79EFBC}") = "IdiotGame.Client", "IdiotGame\Client\IdiotGame.Client.csproj", "{F8B92A07-E1BA-4B51-AAC2-2C3F5B348FC5}"
EndProject
Project("{FAE04EC0-301F-11D3-BF4B-00C04F79EFBC}") = "IdiotGame.Shared", "IdiotGame\Shared\IdiotGame.Shared.csproj", "{E8692516-4CBD-46FC-BB9E-85BB21F7FD34}"
EndProject
Global
	GlobalSection(SolutionConfigurationPlatforms) = preSolution
		Debug|Any CPU = Debug|Any CPU
		Release|Any CPU = Release|Any CPU
	EndGlobalSection
	GlobalSection(ProjectConfigurationPlatforms) = postSolution
		{3CCE7AD3-A5E3-4364-B779-E674D7386462}.Debug|Any CPU.ActiveCfg = Debug|Any CPU
		{3CCE7AD3-A5E3-4364-B779-E674D7386462}.Debug|Any CPU.Build.0 = Debug|Any CPU
		{3CCE7AD3-A5E3-4364-B779-E674D7386462}.Release|Any CPU.ActiveCfg = Release|Any CPU
		{3CCE7AD3-A5E3-4364-B779-E674D7386462}.Release|Any CPU.Build.0 = Release|Any CPU
		{F8B92A07-E1BA-4B51-AAC2-2C3F5B348FC5}.Debug|Any CPU.ActiveCfg = Debug|Any CPU
		{F8B92A07-E1BA-4B51-AAC2-2C3F5B348FC5}.Debug|Any CPU.Build.0 = Debug|Any CPU
		{F8B92A07-E1BA-4B51-AAC2-2C3F5B348FC5}.Release|Any CPU.ActiveCfg = Release|Any CPU
		{F8B92A07-E1BA-4B51-AAC2-2C3F5B348FC5}.Release|Any CPU.Build.0 = Release|Any CPU
		{E8692516-4CBD-46FC-BB9E-85BB21F7FD34}.Debug|Any CPU.ActiveCfg = Debug|Any CPU
		{E8692516-4CBD-46FC-BB9E-85BB21F7FD34}.Debug|Any CPU.Build.0 = Debug|Any CPU
		{E8692516-4CBD-46FC-BB9E-85BB21F7FD34}.Release|Any CPU.ActiveCfg = Release|Any CPU
		{E8692516-4CBD-46FC-BB9E-85BB21F7FD34}.Release|Any CPU.Build.0 = Release|Any CPU
	EndGlobalSection
	GlobalSection(SolutionProperties) = preSolution
		HideSolutionNode = FALSE
	EndGlobalSection
	GlobalSection(ExtensibilityGlobals) = postSolution
		SolutionGuid = {271AFF60-BFF7-4714-836D-0096AF57723F}
	EndGlobalSection
EndGlobal
